
Microsoft Visual Studio Solution File, Format Version 12.00
# Visual Studio Version 17
VisualStudioVersion = 17.14.36221.1
MinimumVisualStudioVersion = 10.0.40219.1
Project("{FAE04EC0-301F-11D3-BF4B-00C04F79EFBC}") = "GabrielMaui1", "GabrielMaui1\GabrielMaui1.csproj", "{C04A93A6-BBFA-423A-83A3-9B15FD6A10DA}"
EndProject
Global
	GlobalSection(SolutionConfigurationPlatforms) = preSolution
		Debug|Any CPU = Debug|Any CPU
		Release|Any CPU = Release|Any CPU
	EndGlobalSection
	GlobalSection(ProjectConfigurationPlatforms) = postSolution
		{C04A93A6-BBFA-423A-83A3-9B15FD6A10DA}.Debug|Any CPU.ActiveCfg = Debug|Any CPU
		{C04A93A6-BBFA-423A-83A3-9B15FD6A10DA}.Debug|Any CPU.Build.0 = Debug|Any CPU
		{C04A93A6-BBFA-423A-83A3-9B15FD6A10DA}.Debug|Any CPU.Deploy.0 = Debug|Any CPU
		{C04A93A6-BBFA-423A-83A3-9B15FD6A10DA}.Release|Any CPU.ActiveCfg = Release|Any CPU
		{C04A93A6-BBFA-423A-83A3-9B15FD6A10DA}.Release|Any CPU.Build.0 = Release|Any CPU
	EndGlobalSection
	GlobalSection(SolutionProperties) = preSolution
		HideSolutionNode = FALSE
	EndGlobalSection
	GlobalSection(ExtensibilityGlobals) = postSolution
		SolutionGuid = {DF15FA0E-25D0-4C5E-B93A-AEDF4FB28F96}
	EndGlobalSection
EndGlobal
